
Microsoft Visual Studio Solution File, Format Version 12.00
# Visual Studio Version 16
VisualStudioVersion = 16.0.29001.49
MinimumVisualStudioVersion = 10.0.40219.1
Project("{9A19103F-16F7-4668-BE54-9A1E7A4F7556}") = "TACT.Net", "TACT.Net\TACT.Net.csproj", "{3EF044C4-63C8-410A-99E0-8B2377954A0B}"
EndProject
Project("{9A19103F-16F7-4668-BE54-9A1E7A4F7556}") = "TACT.Adder", "TACT.Adder\TACT.Adder.csproj", "{57357FBC-081E-4A9F-BE09-E5A6B9B21A54}"
EndProject
Global
	GlobalSection(SolutionConfigurationPlatforms) = preSolution
		Debug|Any CPU = Debug|Any CPU
		Release|Any CPU = Release|Any CPU
	EndGlobalSection
	GlobalSection(ProjectConfigurationPlatforms) = postSolution
		{3EF044C4-63C8-410A-99E0-8B2377954A0B}.Debug|Any CPU.ActiveCfg = Debug|Any CPU
		{3EF044C4-63C8-410A-99E0-8B2377954A0B}.Debug|Any CPU.Build.0 = Debug|Any CPU
		{3EF044C4-63C8-410A-99E0-8B2377954A0B}.Release|Any CPU.ActiveCfg = Release|Any CPU
		{3EF044C4-63C8-410A-99E0-8B2377954A0B}.Release|Any CPU.Build.0 = Release|Any CPU
		{57357FBC-081E-4A9F-BE09-E5A6B9B21A54}.Debug|Any CPU.ActiveCfg = Debug|Any CPU
		{57357FBC-081E-4A9F-BE09-E5A6B9B21A54}.Debug|Any CPU.Build.0 = Debug|Any CPU
		{57357FBC-081E-4A9F-BE09-E5A6B9B21A54}.Release|Any CPU.ActiveCfg = Release|Any CPU
		{57357FBC-081E-4A9F-BE09-E5A6B9B21A54}.Release|Any CPU.Build.0 = Release|Any CPU
	EndGlobalSection
	GlobalSection(SolutionProperties) = preSolution
		HideSolutionNode = FALSE
	EndGlobalSection
	GlobalSection(ExtensibilityGlobals) = postSolution
		SolutionGuid = {84BA7C10-F910-419E-9EA6-E7D74E7381A9}
	EndGlobalSection
EndGlobal
